// !$*UTF8*$!
{
	archiveVersion = 1;
	classes = {
	};
	objectVersion = 46;
	objects = {

/* Begin PBXBuildFile section */
		97F009E11AAB8CE8005197E8 /* AppDelegate.swift in Sources */ = {isa = PBXBuildFile; fileRef = 97F009E01AAB8CE8005197E8 /* AppDelegate.swift */; };
		97F009E31AAB8CE8005197E8 /* ViewController.swift in Sources */ = {isa = PBXBuildFile; fileRef = 97F009E21AAB8CE8005197E8 /* ViewController.swift */; };
		97F009E61AAB8CE8005197E8 /* Main.storyboard in Resources */ = {isa = PBXBuildFile; fileRef = 97F009E41AAB8CE8005197E8 /* Main.storyboard */; };
		97F009E81AAB8CE8005197E8 /* Images.xcassets in Resources */ = {isa = PBXBuildFile; fileRef = 97F009E71AAB8CE8005197E8 /* Images.xcassets */; };
		97F009EB1AAB8CE8005197E8 /* LaunchScreen.xib in Resources */ = {isa = PBXBuildFile; fileRef = 97F009E91AAB8CE8005197E8 /* LaunchScreen.xib */; };
		97F009F71AAB8CE8005197E8 /* TGAffixedTextFieldTests.swift in Sources */ = {isa = PBXBuildFile; fileRef = 97F009F61AAB8CE8005197E8 /* TGAffixedTextFieldTests.swift */; };
		97F00A011AAB8D5C005197E8 /* TGAffixedTextField.swift in Sources */ = {isa = PBXBuildFile; fileRef = 97F00A001AAB8D5C005197E8 /* TGAffixedTextField.swift */; };
/* End PBXBuildFile section */

/* Begin PBXContainerItemProxy section */
		97F009F11AAB8CE8005197E8 /* PBXContainerItemProxy */ = {
			isa = PBXContainerItemProxy;
			containerPortal = 97F009D31AAB8CE8005197E8 /* Project object */;
			proxyType = 1;
			remoteGlobalIDString = 97F009DA1AAB8CE8005197E8;
			remoteInfo = TGAffixedTextField;
		};
/* End PBXContainerItemProxy section */

/* Begin PBXFileReference section */
		97F009DB1AAB8CE8005197E8 /* TGAffixedTextField.app */ = {isa = PBXFileReference; explicitFileType = wrapper.application; includeInIndex = 0; path = TGAffixedTextField.app; sourceTree = BUILT_PRODUCTS_DIR; };
		97F009DF1AAB8CE8005197E8 /* Info.plist */ = {isa = PBXFileReference; lastKnownFileType = text.plist.xml; path = Info.plist; sourceTree = "<group>"; };
		97F009E01AAB8CE8005197E8 /* AppDelegate.swift */ = {isa = PBXFileReference; lastKnownFileType = sourcecode.swift; path = AppDelegate.swift; sourceTree = "<group>"; };
		97F009E21AAB8CE8005197E8 /* ViewController.swift */ = {isa = PBXFileReference; lastKnownFileType = sourcecode.swift; path = ViewController.swift; sourceTree = "<group>"; };
		97F009E51AAB8CE8005197E8 /* Base */ = {isa = PBXFileReference; lastKnownFileType = file.storyboard; name = Base; path = Base.lproj/Main.storyboard; sourceTree = "<group>"; };
		97F009E71AAB8CE8005197E8 /* Images.xcassets */ = {isa = PBXFileReference; lastKnownFileType = folder.assetcatalog; path = Images.xcassets; sourceTree = "<group>"; };
		97F009EA1AAB8CE8005197E8 /* Base */ = {isa = PBXFileReference; lastKnownFileType = file.xib; name = Base; path = Base.lproj/LaunchScreen.xib; sourceTree = "<group>"; };
		97F009F01AAB8CE8005197E8 /* TGAffixedTextFieldTests.xctest */ = {isa = PBXFileReference; explicitFileType = wrapper.cfbundle; includeInIndex = 0; path = TGAffixedTextFieldTests.xctest; sourceTree = BUILT_PRODUCTS_DIR; };
		97F009F51AAB8CE8005197E8 /* Info.plist */ = {isa = PBXFileReference; lastKnownFileType = text.plist.xml; path = Info.plist; sourceTree = "<group>"; };
		97F009F61AAB8CE8005197E8 /* TGAffixedTextFieldTests.swift */ = {isa = PBXFileReference; lastKnownFileType = sourcecode.swift; path = TGAffixedTextFieldTests.swift; sourceTree = "<group>"; };
		97F00A001AAB8D5C005197E8 /* TGAffixedTextField.swift */ = {isa = PBXFileReference; fileEncoding = 4; lastKnownFileType = sourcecode.swift; name = TGAffixedTextField.swift; path = TGAffixedTextField/TGAffixedTextField.swift; sourceTree = "<group>"; };
/* End PBXFileReference section */

/* Begin PBXFrameworksBuildPhase section */
		97F009D81AAB8CE8005197E8 /* Frameworks */ = {
			isa = PBXFrameworksBuildPhase;
			buildActionMask = 2147483647;
			files = (
			);
			runOnlyForDeploymentPostprocessing = 0;
		};
		97F009ED1AAB8CE8005197E8 /* Frameworks */ = {
			isa = PBXFrameworksBuildPhase;
			buildActionMask = 2147483647;
			files = (
			);
			runOnlyForDeploymentPostprocessing = 0;
		};
/* End PBXFrameworksBuildPhase section */

/* Begin PBXGroup section */
		97F009D21AAB8CE8005197E8 = {
			isa = PBXGroup;
			children = (
				97F009DD1AAB8CE8005197E8 /* TGAffixedTextField */,
				97F009F31AAB8CE8005197E8 /* TGAffixedTextFieldTests */,
				97F009DC1AAB8CE8005197E8 /* Products */,
			);
			sourceTree = "<group>";
		};
		97F009DC1AAB8CE8005197E8 /* Products */ = {
			isa = PBXGroup;
			children = (
				97F009DB1AAB8CE8005197E8 /* TGAffixedTextField.app */,
				97F009F01AAB8CE8005197E8 /* TGAffixedTextFieldTests.xctest */,
			);
			name = Products;
			sourceTree = "<group>";
		};
		97F009DD1AAB8CE8005197E8 /* TGAffixedTextField */ = {
			isa = PBXGroup;
			children = (
				97F009E01AAB8CE8005197E8 /* AppDelegate.swift */,
				97F009E21AAB8CE8005197E8 /* ViewController.swift */,
				97F009E41AAB8CE8005197E8 /* Main.storyboard */,
				97F00A001AAB8D5C005197E8 /* TGAffixedTextField.swift */,
				97F009E71AAB8CE8005197E8 /* Images.xcassets */,
				97F009E91AAB8CE8005197E8 /* LaunchScreen.xib */,
				97F009DE1AAB8CE8005197E8 /* Supporting Files */,
			);
			path = TGAffixedTextField;
			sourceTree = "<group>";
		};
		97F009DE1AAB8CE8005197E8 /* Supporting Files */ = {
			isa = PBXGroup;
			children = (
				97F009DF1AAB8CE8005197E8 /* Info.plist */,
			);
			name = "Supporting Files";
			sourceTree = "<group>";
		};
		97F009F31AAB8CE8005197E8 /* TGAffixedTextFieldTests */ = {
			isa = PBXGroup;
			children = (
				97F009F61AAB8CE8005197E8 /* TGAffixedTextFieldTests.swift */,
				97F009F41AAB8CE8005197E8 /* Supporting Files */,
			);
			path = TGAffixedTextFieldTests;
			sourceTree = "<group>";
		};
		97F009F41AAB8CE8005197E8 /* Supporting Files */ = {
			isa = PBXGroup;
			children = (
				97F009F51AAB8CE8005197E8 /* Info.plist */,
			);
			name = "Supporting Files";
			sourceTree = "<group>";
		};
/* End PBXGroup section */

/* Begin PBXNativeTarget section */
		97F009DA1AAB8CE8005197E8 /* TGAffixedTextField */ = {
			isa = PBXNativeTarget;
			buildConfigurationList = 97F009FA1AAB8CE8005197E8 /* Build configuration list for PBXNativeTarget "TGAffixedTextField" */;
			buildPhases = (
				97F009D71AAB8CE8005197E8 /* Sources */,
				97F009D81AAB8CE8005197E8 /* Frameworks */,
				97F009D91AAB8CE8005197E8 /* Resources */,
			);
			buildRules = (
			);
			dependencies = (
			);
			name = TGAffixedTextField;
			productName = TGAffixedTextField;
			productReference = 97F009DB1AAB8CE8005197E8 /* TGAffixedTextField.app */;
			productType = "com.apple.product-type.application";
		};
		97F009EF1AAB8CE8005197E8 /* TGAffixedTextFieldTests */ = {
			isa = PBXNativeTarget;
			buildConfigurationList = 97F009FD1AAB8CE8005197E8 /* Build configuration list for PBXNativeTarget "TGAffixedTextFieldTests" */;
			buildPhases = (
				97F009EC1AAB8CE8005197E8 /* Sources */,
				97F009ED1AAB8CE8005197E8 /* Frameworks */,
				97F009EE1AAB8CE8005197E8 /* Resources */,
			);
			buildRules = (
			);
			dependencies = (
				97F009F21AAB8CE8005197E8 /* PBXTargetDependency */,
			);
			name = TGAffixedTextFieldTests;
			productName = TGAffixedTextFieldTests;
			productReference = 97F009F01AAB8CE8005197E8 /* TGAffixedTextFieldTests.xctest */;
			productType = "com.apple.product-type.bundle.unit-test";
		};
/* End PBXNativeTarget section */

/* Begin PBXProject section */
		97F009D31AAB8CE8005197E8 /* Project object */ = {
			isa = PBXProject;
			attributes = {
				LastUpgradeCheck = 0610;
				ORGANIZATIONNAME = "Todd Gower";
				TargetAttributes = {
					97F009DA1AAB8CE8005197E8 = {
						CreatedOnToolsVersion = 6.1.1;
					};
					97F009EF1AAB8CE8005197E8 = {
						CreatedOnToolsVersion = 6.1.1;
						TestTargetID = 97F009DA1AAB8CE8005197E8;
					};
				};
			};
			buildConfigurationList = 97F009D61AAB8CE8005197E8 /* Build configuration list for PBXProject "TGAffixedTextField" */;
			compatibilityVersion = "Xcode 3.2";
			developmentRegion = English;
			hasScannedForEncodings = 0;
			knownRegions = (
				en,
				Base,
			);
			mainGroup = 97F009D21AAB8CE8005197E8;
			productRefGroup = 97F009DC1AAB8CE8005197E8 /* Products */;
			projectDirPath = "";
			projectRoot = "";
			targets = (
				97F009DA1AAB8CE8005197E8 /* TGAffixedTextField */,
				97F009EF1AAB8CE8005197E8 /* TGAffixedTextFieldTests */,
			);
		};
/* End PBXProject section */

/* Begin PBXResourcesBuildPhase section */
		97F009D91AAB8CE8005197E8 /* Resources */ = {
			isa = PBXResourcesBuildPhase;
			buildActionMask = 2147483647;
			files = (
				97F009E61AAB8CE8005197E8 /* Main.storyboard in Resources */,
				97F009EB1AAB8CE8005197E8 /* LaunchScreen.xib in Resources */,
				97F009E81AAB8CE8005197E8 /* Images.xcassets in Resources */,
			);
			runOnlyForDeploymentPostprocessing = 0;
		};
		97F009EE1AAB8CE8005197E8 /* Resources */ = {
			isa = PBXResourcesBuildPhase;
			buildActionMask = 2147483647;
			files = (
			);
			runOnlyForDeploymentPostprocessing = 0;
		};
/* End PBXResourcesBuildPhase section */

/* Begin PBXSourcesBuildPhase section */
		97F009D71AAB8CE8005197E8 /* Sources */ = {
			isa = PBXSourcesBuildPhase;
			buildActionMask = 2147483647;
			files = (
				97F009E31AAB8CE8005197E8 /* ViewController.swift in Sources */,
				97F009E11AAB8CE8005197E8 /* AppDelegate.swift in Sources */,
				97F00A011AAB8D5C005197E8 /* TGAffixedTextField.swift in Sources */,
			);
			runOnlyForDeploymentPostprocessing = 0;
		};
		97F009EC1AAB8CE8005197E8 /* Sources */ = {
			isa = PBXSourcesBuildPhase;
			buildActionMask = 2147483647;
			files = (
				97F009F71AAB8CE8005197E8 /* TGAffixedTextFieldTests.swift in Sources */,
			);
			runOnlyForDeploymentPostprocessing = 0;
		};
/* End PBXSourcesBuildPhase section */

/* Begin PBXTargetDependency section */
		97F009F21AAB8CE8005197E8 /* PBXTargetDependency */ = {
			isa = PBXTargetDependency;
			target = 97F009DA1AAB8CE8005197E8 /* TGAffixedTextField */;
			targetProxy = 97F009F11AAB8CE8005197E8 /* PBXContainerItemProxy */;
		};
/* End PBXTargetDependency section */

/* Begin PBXVariantGroup section */
		97F009E41AAB8CE8005197E8 /* Main.storyboard */ = {
			isa = PBXVariantGroup;
			children = (
				97F009E51AAB8CE8005197E8 /* Base */,
			);
			name = Main.storyboard;
			sourceTree = "<group>";
		};
		97F009E91AAB8CE8005197E8 /* LaunchScreen.xib */ = {
			isa = PBXVariantGroup;
			children = (
				97F009EA1AAB8CE8005197E8 /* Base */,
			);
			name = LaunchScreen.xib;
			sourceTree = "<group>";
		};
/* End PBXVariantGroup section */

/* Begin XCBuildConfiguration section */
		97F009F81AAB8CE8005197E8 /* Debug */ = {
			isa = XCBuildConfiguration;
			buildSettings = {
				ALWAYS_SEARCH_USER_PATHS = NO;
				CLANG_CXX_LANGUAGE_STANDARD = "gnu++0x";
				CLANG_CXX_LIBRARY = "libc++";
				CLANG_ENABLE_MODULES = YES;
				CLANG_ENABLE_OBJC_ARC = YES;
				CLANG_WARN_BOOL_CONVERSION = YES;
				CLANG_WARN_CONSTANT_CONVERSION = YES;
				CLANG_WARN_DIRECT_OBJC_ISA_USAGE = YES_ERROR;
				CLANG_WARN_EMPTY_BODY = YES;
				CLANG_WARN_ENUM_CONVERSION = YES;
				CLANG_WARN_INT_CONVERSION = YES;
				CLANG_WARN_OBJC_ROOT_CLASS = YES_ERROR;
				CLANG_WARN_UNREACHABLE_CODE = YES;
				CLANG_WARN__DUPLICATE_METHOD_MATCH = YES;
				"CODE_SIGN_IDENTITY[sdk=iphoneos*]" = "iPhone Developer";
				COPY_PHASE_STRIP = NO;
				ENABLE_STRICT_OBJC_MSGSEND = YES;
				GCC_C_LANGUAGE_STANDARD = gnu99;
				GCC_DYNAMIC_NO_PIC = NO;
				GCC_OPTIMIZATION_LEVEL = 0;
				GCC_PREPROCESSOR_DEFINITIONS = (
					"DEBUG=1",
					"$(inherited)",
				);
				GCC_SYMBOLS_PRIVATE_EXTERN = NO;
				GCC_WARN_64_TO_32_BIT_CONVERSION = YES;
				GCC_WARN_ABOUT_RETURN_TYPE = YES_ERROR;
				GCC_WARN_UNDECLARED_SELECTOR = YES;
				GCC_WARN_UNINITIALIZED_AUTOS = YES_AGGRESSIVE;
				GCC_WARN_UNUSED_FUNCTION = YES;
				GCC_WARN_UNUSED_VARIABLE = YES;
				IPHONEOS_DEPLOYMENT_TARGET = 8.1;
				MTL_ENABLE_DEBUG_INFO = YES;
				ONLY_ACTIVE_ARCH = YES;
				SDKROOT = iphoneos;
				SWIFT_OPTIMIZATION_LEVEL = "-Onone";
			};
			name = Debug;
		};
		97F009F91AAB8CE8005197E8 /* Release */ = {
			isa = XCBuildConfiguration;
			buildSettings = {
				ALWAYS_SEARCH_USER_PATHS = NO;
				CLANG_CXX_LANGUAGE_STANDARD = "gnu++0x";
				CLANG_CXX_LIBRARY = "libc++";
				CLANG_ENABLE_MODULES = YES;
				CLANG_ENABLE_OBJC_ARC = YES;
				CLANG_WARN_BOOL_CONVERSION = YES;
				CLANG_WARN_CONSTANT_CONVERSION = YES;
				CLANG_WARN_DIRECT_OBJC_ISA_USAGE = YES_ERROR;
				CLANG_WARN_EMPTY_BODY = YES;
				CLANG_WARN_ENUM_CONVERSION = YES;
				CLANG_WARN_INT_CONVERSION = YES;
				CLANG_WARN_OBJC_ROOT_CLASS = YES_ERROR;
				CLANG_WARN_UNREACHABLE_CODE = YES;
				CLANG_WARN__DUPLICATE_METHOD_MATCH = YES;
				"CODE_SIGN_IDENTITY[sdk=iphoneos*]" = "iPhone Developer";
				COPY_PHASE_STRIP = YES;
				ENABLE_NS_ASSERTIONS = NO;
				ENABLE_STRICT_OBJC_MSGSEND = YES;
				GCC_C_LANGUAGE_STANDARD = gnu99;
				GCC_WARN_64_TO_32_BIT_CONVERSION = YES;
				GCC_WARN_ABOUT_RETURN_TYPE = YES_ERROR;
				GCC_WARN_UNDECLARED_SELECTOR = YES;
				GCC_WARN_UNINITIALIZED_AUTOS = YES_AGGRESSIVE;
				GCC_WARN_UNUSED_FUNCTION = YES;
				GCC_WARN_UNUSED_VARIABLE = YES;
				IPHONEOS_DEPLOYMENT_TARGET = 8.1;
				MTL_ENABLE_DEBUG_INFO = NO;
				SDKROOT = iphoneos;
				VALIDATE_PRODUCT = YES;
			};
			name = Release;
		};
		97F009FB1AAB8CE8005197E8 /* Debug */ = {
			isa = XCBuildConfiguration;
			buildSettings = {
				ASSETCATALOG_COMPILER_APPICON_NAME = AppIcon;
				INFOPLIST_FILE = TGAffixedTextField/Info.plist;
				LD_RUNPATH_SEARCH_PATHS = "$(inherited) @executable_path/Frameworks";
				PRODUCT_NAME = "$(TARGET_NAME)";
			};
			name = Debug;
		};
		97F009FC1AAB8CE8005197E8 /* Release */ = {
			isa = XCBuildConfiguration;
			buildSettings = {
				ASSETCATALOG_COMPILER_APPICON_NAME = AppIcon;
				INFOPLIST_FILE = TGAffixedTextField/Info.plist;
				LD_RUNPATH_SEARCH_PATHS = "$(inherited) @executable_path/Frameworks";
				PRODUCT_NAME = "$(TARGET_NAME)";
			};
			name = Release;
		};
		97F009FE1AAB8CE8005197E8 /* Debug */ = {
			isa = XCBuildConfiguration;
			buildSettings = {
				BUNDLE_LOADER = "$(TEST_HOST)";
				FRAMEWORK_SEARCH_PATHS = (
					"$(SDKROOT)/Developer/Library/Frameworks",
					"$(inherited)",
				);
				GCC_PREPROCESSOR_DEFINITIONS = (
					"DEBUG=1",
					"$(inherited)",
				);
				INFOPLIST_FILE = TGAffixedTextFieldTests/Info.plist;
				LD_RUNPATH_SEARCH_PATHS = "$(inherited) @executable_path/Frameworks @loader_path/Frameworks";
				PRODUCT_NAME = "$(TARGET_NAME)";
				TEST_HOST = "$(BUILT_PRODUCTS_DIR)/TGAffixedTextField.app/TGAffixedTextField";
			};
			name = Debug;
		};
		97F009FF1AAB8CE8005197E8 /* Release */ = {
			isa = XCBuildConfiguration;
			buildSettings = {
				BUNDLE_LOADER = "$(TEST_HOST)";
				FRAMEWORK_SEARCH_PATHS = (
					"$(SDKROOT)/Developer/Library/Frameworks",
					"$(inherited)",
				);
				INFOPLIST_FILE = TGAffixedTextFieldTests/Info.plist;
				LD_RUNPATH_SEARCH_PATHS = "$(inherited) @executable_path/Frameworks @loader_path/Frameworks";
				PRODUCT_NAME = "$(TARGET_NAME)";
				TEST_HOST = "$(BUILT_PRODUCTS_DIR)/TGAffixedTextField.app/TGAffixedTextField";
			};
			name = Release;
		};
/* End XCBuildConfiguration section */

/* Begin XCConfigurationList section */
		97F009D61AAB8CE8005197E8 /* Build configuration list for PBXProject "TGAffixedTextField" */ = {
			isa = XCConfigurationList;
			buildConfigurations = (
				97F009F81AAB8CE8005197E8 /* Debug */,
				97F009F91AAB8CE8005197E8 /* Release */,
			);
			defaultConfigurationIsVisible = 0;
			defaultConfigurationName = Release;
		};
		97F009FA1AAB8CE8005197E8 /* Build configuration list for PBXNativeTarget "TGAffixedTextField" */ = {
			isa = XCConfigurationList;
			buildConfigurations = (
				97F009FB1AAB8CE8005197E8 /* Debug */,
				97F009FC1AAB8CE8005197E8 /* Release */,
			);
			defaultConfigurationIsVisible = 0;
		};
		97F009FD1AAB8CE8005197E8 /* Build configuration list for PBXNativeTarget "TGAffixedTextFieldTests" */ = {
			isa = XCConfigurationList;
			buildConfigurations = (
				97F009FE1AAB8CE8005197E8 /* Debug */,
				97F009FF1AAB8CE8005197E8 /* Release */,
			);
			defaultConfigurationIsVisible = 0;
		};
/* End XCConfigurationList section */
	};
	rootObject = 97F009D31AAB8CE8005197E8 /* Project object */;
}
